{
  "name": "leetcode-exporter",
  "version": "0.2.2",
  "lockfileVersion": 3,
  "requires": true,
  "packages": {
    "": {
      "name": "leetcode-exporter",
      "version": "0.2.2",
      "license": "MIT",
      "os": [
        "darwin",
        "linux",
        "win32"
      ],
      "bin": {
        "leetcode-exporter": "src/cli.js"
      },
      "engines": {
        "node": ">=14.0.0"
      }
    }
  }
}
